
Microsoft Visual Studio Solution File, Format Version 12.00
# Visual Studio 15
VisualStudioVersion = 15.0.27004.2010
MinimumVisualStudioVersion = 15.0.26124.0
Project("{9A19103F-16F7-4668-BE54-9A1E7A4F7556}") = "EfMicroservice.Api", "src\EfMicroservice.Api\EfMicroservice.Api.csproj", "{0E36DBEF-5E32-4E93-A94E-22D1BAFD3BC9}"
EndProject
Project("{9A19103F-16F7-4668-BE54-9A1E7A4F7556}") = "EfMicroservice.Domain", "src\EfMicroservice.Domain\EfMicroservice.Domain.csproj", "{073575B9-30B5-4765-A6FD-77211913484B}"
EndProject
Project("{9A19103F-16F7-4668-BE54-9A1E7A4F7556}") = "EfMicroservice.Data", "src\EfMicroservice.Data\EfMicroservice.Data.csproj", "{B979EA2E-D8BE-48D8-8DBC-C09F03611C52}"
EndProject
Project("{9A19103F-16F7-4668-BE54-9A1E7A4F7556}") = "EfMicroservice.Core", "src\EfMicroservice.Core\EfMicroservice.Core.csproj", "{FEB60EEB-FE7D-483A-AFB3-F1FF3FF98B2D}"
EndProject
Project("{FAE04EC0-301F-11D3-BF4B-00C04F79EFBC}") = "EfMicroservice.Domain.Model", "EfMicroservice.Domain.Model\EfMicroservice.Domain.Model.csproj", "{C2A83CAC-A831-4FC1-B116-2479A1A2906F}"
EndProject
Global
	GlobalSection(SolutionConfigurationPlatforms) = preSolution
		Debug|Any CPU = Debug|Any CPU
		Debug|x64 = Debug|x64
		Debug|x86 = Debug|x86
		Release|Any CPU = Release|Any CPU
		Release|x64 = Release|x64
		Release|x86 = Release|x86
	EndGlobalSection
	GlobalSection(ProjectConfigurationPlatforms) = postSolution
		{0E36DBEF-5E32-4E93-A94E-22D1BAFD3BC9}.Debug|Any CPU.ActiveCfg = Debug|Any CPU
		{0E36DBEF-5E32-4E93-A94E-22D1BAFD3BC9}.Debug|Any CPU.Build.0 = Debug|Any CPU
		{0E36DBEF-5E32-4E93-A94E-22D1BAFD3BC9}.Debug|x64.ActiveCfg = Debug|Any CPU
		{0E36DBEF-5E32-4E93-A94E-22D1BAFD3BC9}.Debug|x64.Build.0 = Debug|Any CPU
		{0E36DBEF-5E32-4E93-A94E-22D1BAFD3BC9}.Debug|x86.ActiveCfg = Debug|Any CPU
		{0E36DBEF-5E32-4E93-A94E-22D1BAFD3BC9}.Debug|x86.Build.0 = Debug|Any CPU
		{0E36DBEF-5E32-4E93-A94E-22D1BAFD3BC9}.Release|Any CPU.ActiveCfg = Release|Any CPU
		{0E36DBEF-5E32-4E93-A94E-22D1BAFD3BC9}.Release|Any CPU.Build.0 = Release|Any CPU
		{0E36DBEF-5E32-4E93-A94E-22D1BAFD3BC9}.Release|x64.ActiveCfg = Release|Any CPU
		{0E36DBEF-5E32-4E93-A94E-22D1BAFD3BC9}.Release|x64.Build.0 = Release|Any CPU
		{0E36DBEF-5E32-4E93-A94E-22D1BAFD3BC9}.Release|x86.ActiveCfg = Release|Any CPU
		{0E36DBEF-5E32-4E93-A94E-22D1BAFD3BC9}.Release|x86.Build.0 = Release|Any CPU
		{073575B9-30B5-4765-A6FD-77211913484B}.Debug|Any CPU.ActiveCfg = Debug|Any CPU
		{073575B9-30B5-4765-A6FD-77211913484B}.Debug|Any CPU.Build.0 = Debug|Any CPU
		{073575B9-30B5-4765-A6FD-77211913484B}.Debug|x64.ActiveCfg = Debug|Any CPU
		{073575B9-30B5-4765-A6FD-77211913484B}.Debug|x64.Build.0 = Debug|Any CPU
		{073575B9-30B5-4765-A6FD-77211913484B}.Debug|x86.ActiveCfg = Debug|Any CPU
		{073575B9-30B5-4765-A6FD-77211913484B}.Debug|x86.Build.0 = Debug|Any CPU
		{073575B9-30B5-4765-A6FD-77211913484B}.Release|Any CPU.ActiveCfg = Release|Any CPU
		{073575B9-30B5-4765-A6FD-77211913484B}.Release|Any CPU.Build.0 = Release|Any CPU
		{073575B9-30B5-4765-A6FD-77211913484B}.Release|x64.ActiveCfg = Release|Any CPU
		{073575B9-30B5-4765-A6FD-77211913484B}.Release|x64.Build.0 = Release|Any CPU
		{073575B9-30B5-4765-A6FD-77211913484B}.Release|x86.ActiveCfg = Release|Any CPU
		{073575B9-30B5-4765-A6FD-77211913484B}.Release|x86.Build.0 = Release|Any CPU
		{B979EA2E-D8BE-48D8-8DBC-C09F03611C52}.Debug|Any CPU.ActiveCfg = Debug|Any CPU
		{B979EA2E-D8BE-48D8-8DBC-C09F03611C52}.Debug|Any CPU.Build.0 = Debug|Any CPU
		{B979EA2E-D8BE-48D8-8DBC-C09F03611C52}.Debug|x64.ActiveCfg = Debug|Any CPU
		{B979EA2E-D8BE-48D8-8DBC-C09F03611C52}.Debug|x64.Build.0 = Debug|Any CPU
		{B979EA2E-D8BE-48D8-8DBC-C09F03611C52}.Debug|x86.ActiveCfg = Debug|Any CPU
		{B979EA2E-D8BE-48D8-8DBC-C09F03611C52}.Debug|x86.Build.0 = Debug|Any CPU
		{B979EA2E-D8BE-48D8-8DBC-C09F03611C52}.Release|Any CPU.ActiveCfg = Release|Any CPU
		{B979EA2E-D8BE-48D8-8DBC-C09F03611C52}.Release|Any CPU.Build.0 = Release|Any CPU
		{B979EA2E-D8BE-48D8-8DBC-C09F03611C52}.Release|x64.ActiveCfg = Release|Any CPU
		{B979EA2E-D8BE-48D8-8DBC-C09F03611C52}.Release|x64.Build.0 = Release|Any CPU
		{B979EA2E-D8BE-48D8-8DBC-C09F03611C52}.Release|x86.ActiveCfg = Release|Any CPU
		{B979EA2E-D8BE-48D8-8DBC-C09F03611C52}.Release|x86.Build.0 = Release|Any CPU
		{FEB60EEB-FE7D-483A-AFB3-F1FF3FF98B2D}.Debug|Any CPU.ActiveCfg = Debug|Any CPU
		{FEB60EEB-FE7D-483A-AFB3-F1FF3FF98B2D}.Debug|Any CPU.Build.0 = Debug|Any CPU
		{FEB60EEB-FE7D-483A-AFB3-F1FF3FF98B2D}.Debug|x64.ActiveCfg = Debug|Any CPU
		{FEB60EEB-FE7D-483A-AFB3-F1FF3FF98B2D}.Debug|x64.Build.0 = Debug|Any CPU
		{FEB60EEB-FE7D-483A-AFB3-F1FF3FF98B2D}.Debug|x86.ActiveCfg = Debug|Any CPU
		{FEB60EEB-FE7D-483A-AFB3-F1FF3FF98B2D}.Debug|x86.Build.0 = Debug|Any CPU
		{FEB60EEB-FE7D-483A-AFB3-F1FF3FF98B2D}.Release|Any CPU.ActiveCfg = Release|Any CPU
		{FEB60EEB-FE7D-483A-AFB3-F1FF3FF98B2D}.Release|Any CPU.Build.0 = Release|Any CPU
		{FEB60EEB-FE7D-483A-AFB3-F1FF3FF98B2D}.Release|x64.ActiveCfg = Release|Any CPU
		{FEB60EEB-FE7D-483A-AFB3-F1FF3FF98B2D}.Release|x64.Build.0 = Release|Any CPU
		{FEB60EEB-FE7D-483A-AFB3-F1FF3FF98B2D}.Release|x86.ActiveCfg = Release|Any CPU
		{FEB60EEB-FE7D-483A-AFB3-F1FF3FF98B2D}.Release|x86.Build.0 = Release|Any CPU
		{C2A83CAC-A831-4FC1-B116-2479A1A2906F}.Debug|Any CPU.ActiveCfg = Debug|Any CPU
		{C2A83CAC-A831-4FC1-B116-2479A1A2906F}.Debug|Any CPU.Build.0 = Debug|Any CPU
		{C2A83CAC-A831-4FC1-B116-2479A1A2906F}.Debug|x64.ActiveCfg = Debug|Any CPU
		{C2A83CAC-A831-4FC1-B116-2479A1A2906F}.Debug|x64.Build.0 = Debug|Any CPU
		{C2A83CAC-A831-4FC1-B116-2479A1A2906F}.Debug|x86.ActiveCfg = Debug|Any CPU
		{C2A83CAC-A831-4FC1-B116-2479A1A2906F}.Debug|x86.Build.0 = Debug|Any CPU
		{C2A83CAC-A831-4FC1-B116-2479A1A2906F}.Release|Any CPU.ActiveCfg = Release|Any CPU
		{C2A83CAC-A831-4FC1-B116-2479A1A2906F}.Release|Any CPU.Build.0 = Release|Any CPU
		{C2A83CAC-A831-4FC1-B116-2479A1A2906F}.Release|x64.ActiveCfg = Release|Any CPU
		{C2A83CAC-A831-4FC1-B116-2479A1A2906F}.Release|x64.Build.0 = Release|Any CPU
		{C2A83CAC-A831-4FC1-B116-2479A1A2906F}.Release|x86.ActiveCfg = Release|Any CPU
		{C2A83CAC-A831-4FC1-B116-2479A1A2906F}.Release|x86.Build.0 = Release|Any CPU
	EndGlobalSection
	GlobalSection(SolutionProperties) = preSolution
		HideSolutionNode = FALSE
	EndGlobalSection
	GlobalSection(ExtensibilityGlobals) = postSolution
		SolutionGuid = {957E1825-1D53-4DA0-A0B6-BF57D1453D48}
	EndGlobalSection
EndGlobal
